
Microsoft Visual Studio Solution File, Format Version 12.00
Project("{2150E333-8FDC-42A3-9474-1A3956D46DE8}") = "Solution Items", "Solution Items", "{BC5B6825-F103-47CA-8A73-0BFE37824110}"
	ProjectSection(SolutionItems) = preProject
		compose.yaml = compose.yaml
	EndProjectSection
EndProject
Project("{2150E333-8FDC-42A3-9474-1A3956D46DE8}") = "Users", "Users", "{33F0AAA7-BD72-474F-AF4D-2A49D3B3F469}"
EndProject
Project("{FAE04EC0-301F-11D3-BF4B-00C04F79EFBC}") = "Users.Domain", "Users.Domain\Users.Domain.csproj", "{92364FEC-56F5-44C4-A2D7-095BA9AFDF13}"
EndProject
Project("{FAE04EC0-301F-11D3-BF4B-00C04F79EFBC}") = "Users.Application", "Users.Application\Users.Application.csproj", "{739C9E80-D1C2-4DBA-ABC4-669106DB06B0}"
EndProject
Project("{FAE04EC0-301F-11D3-BF4B-00C04F79EFBC}") = "Users.Infrastructure", "Users.Infrastructure\Users.Infrastructure.csproj", "{6E07BBE1-F112-4FED-8327-8C3ED005AFF4}"
EndProject
Project("{2150E333-8FDC-42A3-9474-1A3956D46DE8}") = "Authentication", "Authentication", "{07D5E9B2-DA5F-498B-A14E-2D7897302D1E}"
EndProject
Project("{FAE04EC0-301F-11D3-BF4B-00C04F79EFBC}") = "Authentication.Domain", "Authentication.Domain\Authentication.Domain.csproj", "{FA079A44-C43A-4BE3-BC45-8BE313F5B138}"
EndProject
Project("{FAE04EC0-301F-11D3-BF4B-00C04F79EFBC}") = "Authentication.Application", "Authentication.Application\Authentication.Application.csproj", "{9E148FA5-C9DB-4237-A20F-B356EBCCC66C}"
EndProject
Project("{FAE04EC0-301F-11D3-BF4B-00C04F79EFBC}") = "Authentication.Infrastructure", "Authentication.Infrastructure\Authentication.Infrastructure.csproj", "{01F12DD3-42D4-42EA-9719-EB0C5F2CFCE6}"
EndProject
Project("{FAE04EC0-301F-11D3-BF4B-00C04F79EFBC}") = "LvJerseyApi", "LvJerseyApi\LvJerseyApi.csproj", "{EF0EE438-C027-4E69-BA09-6EA3A0A330DB}"
EndProject
Project("{2150E333-8FDC-42A3-9474-1A3956D46DE8}") = "Api", "Api", "{CF30884E-94CF-47C9-A721-9CF823D45492}"
EndProject
Project("{2150E333-8FDC-42A3-9474-1A3956D46DE8}") = "Shared", "Shared", "{9CCD5786-1545-4B34-A6AC-31FC9C6FC0EC}"
EndProject
Project("{FAE04EC0-301F-11D3-BF4B-00C04F79EFBC}") = "Shared.Infrastructure", "Shared.Infrastructure\Shared.Infrastructure.csproj", "{8C7CA78D-C5ED-4549-8BA1-EF671DFB58AB}"
EndProject
Global
	GlobalSection(SolutionConfigurationPlatforms) = preSolution
		Debug|Any CPU = Debug|Any CPU
		Release|Any CPU = Release|Any CPU
	EndGlobalSection
	GlobalSection(ProjectConfigurationPlatforms) = postSolution
		{92364FEC-56F5-44C4-A2D7-095BA9AFDF13}.Debug|Any CPU.ActiveCfg = Debug|Any CPU
		{92364FEC-56F5-44C4-A2D7-095BA9AFDF13}.Debug|Any CPU.Build.0 = Debug|Any CPU
		{92364FEC-56F5-44C4-A2D7-095BA9AFDF13}.Release|Any CPU.ActiveCfg = Release|Any CPU
		{92364FEC-56F5-44C4-A2D7-095BA9AFDF13}.Release|Any CPU.Build.0 = Release|Any CPU
		{739C9E80-D1C2-4DBA-ABC4-669106DB06B0}.Debug|Any CPU.ActiveCfg = Debug|Any CPU
		{739C9E80-D1C2-4DBA-ABC4-669106DB06B0}.Debug|Any CPU.Build.0 = Debug|Any CPU
		{739C9E80-D1C2-4DBA-ABC4-669106DB06B0}.Release|Any CPU.ActiveCfg = Release|Any CPU
		{739C9E80-D1C2-4DBA-ABC4-669106DB06B0}.Release|Any CPU.Build.0 = Release|Any CPU
		{6E07BBE1-F112-4FED-8327-8C3ED005AFF4}.Debug|Any CPU.ActiveCfg = Debug|Any CPU
		{6E07BBE1-F112-4FED-8327-8C3ED005AFF4}.Debug|Any CPU.Build.0 = Debug|Any CPU
		{6E07BBE1-F112-4FED-8327-8C3ED005AFF4}.Release|Any CPU.ActiveCfg = Release|Any CPU
		{6E07BBE1-F112-4FED-8327-8C3ED005AFF4}.Release|Any CPU.Build.0 = Release|Any CPU
		{FA079A44-C43A-4BE3-BC45-8BE313F5B138}.Debug|Any CPU.ActiveCfg = Debug|Any CPU
		{FA079A44-C43A-4BE3-BC45-8BE313F5B138}.Debug|Any CPU.Build.0 = Debug|Any CPU
		{FA079A44-C43A-4BE3-BC45-8BE313F5B138}.Release|Any CPU.ActiveCfg = Release|Any CPU
		{FA079A44-C43A-4BE3-BC45-8BE313F5B138}.Release|Any CPU.Build.0 = Release|Any CPU
		{9E148FA5-C9DB-4237-A20F-B356EBCCC66C}.Debug|Any CPU.ActiveCfg = Debug|Any CPU
		{9E148FA5-C9DB-4237-A20F-B356EBCCC66C}.Debug|Any CPU.Build.0 = Debug|Any CPU
		{9E148FA5-C9DB-4237-A20F-B356EBCCC66C}.Release|Any CPU.ActiveCfg = Release|Any CPU
		{9E148FA5-C9DB-4237-A20F-B356EBCCC66C}.Release|Any CPU.Build.0 = Release|Any CPU
		{01F12DD3-42D4-42EA-9719-EB0C5F2CFCE6}.Debug|Any CPU.ActiveCfg = Debug|Any CPU
		{01F12DD3-42D4-42EA-9719-EB0C5F2CFCE6}.Debug|Any CPU.Build.0 = Debug|Any CPU
		{01F12DD3-42D4-42EA-9719-EB0C5F2CFCE6}.Release|Any CPU.ActiveCfg = Release|Any CPU
		{01F12DD3-42D4-42EA-9719-EB0C5F2CFCE6}.Release|Any CPU.Build.0 = Release|Any CPU
		{EF0EE438-C027-4E69-BA09-6EA3A0A330DB}.Debug|Any CPU.ActiveCfg = Debug|Any CPU
		{EF0EE438-C027-4E69-BA09-6EA3A0A330DB}.Debug|Any CPU.Build.0 = Debug|Any CPU
		{EF0EE438-C027-4E69-BA09-6EA3A0A330DB}.Release|Any CPU.ActiveCfg = Release|Any CPU
		{EF0EE438-C027-4E69-BA09-6EA3A0A330DB}.Release|Any CPU.Build.0 = Release|Any CPU
		{8C7CA78D-C5ED-4549-8BA1-EF671DFB58AB}.Debug|Any CPU.ActiveCfg = Debug|Any CPU
		{8C7CA78D-C5ED-4549-8BA1-EF671DFB58AB}.Debug|Any CPU.Build.0 = Debug|Any CPU
		{8C7CA78D-C5ED-4549-8BA1-EF671DFB58AB}.Release|Any CPU.ActiveCfg = Release|Any CPU
		{8C7CA78D-C5ED-4549-8BA1-EF671DFB58AB}.Release|Any CPU.Build.0 = Release|Any CPU
	EndGlobalSection
	GlobalSection(NestedProjects) = preSolution
		{92364FEC-56F5-44C4-A2D7-095BA9AFDF13} = {33F0AAA7-BD72-474F-AF4D-2A49D3B3F469}
		{739C9E80-D1C2-4DBA-ABC4-669106DB06B0} = {33F0AAA7-BD72-474F-AF4D-2A49D3B3F469}
		{6E07BBE1-F112-4FED-8327-8C3ED005AFF4} = {33F0AAA7-BD72-474F-AF4D-2A49D3B3F469}
		{FA079A44-C43A-4BE3-BC45-8BE313F5B138} = {07D5E9B2-DA5F-498B-A14E-2D7897302D1E}
		{9E148FA5-C9DB-4237-A20F-B356EBCCC66C} = {07D5E9B2-DA5F-498B-A14E-2D7897302D1E}
		{01F12DD3-42D4-42EA-9719-EB0C5F2CFCE6} = {07D5E9B2-DA5F-498B-A14E-2D7897302D1E}
		{EF0EE438-C027-4E69-BA09-6EA3A0A330DB} = {CF30884E-94CF-47C9-A721-9CF823D45492}
		{8C7CA78D-C5ED-4549-8BA1-EF671DFB58AB} = {9CCD5786-1545-4B34-A6AC-31FC9C6FC0EC}
	EndGlobalSection
EndGlobal
