
Microsoft Visual Studio Solution File, Format Version 12.00
Project("{2150E333-8FDC-42A3-9474-1A3956D46DE8}") = "Solution Items", "Solution Items", "{BC5B6825-F103-47CA-8A73-0BFE37824110}"
	ProjectSection(SolutionItems) = preProject
		compose.yaml = compose.yaml
	EndProjectSection
EndProject
Project("{2150E333-8FDC-42A3-9474-1A3956D46DE8}") = "Users", "Users", "{33F0AAA7-BD72-474F-AF4D-2A49D3B3F469}"
EndProject
Project("{2150E333-8FDC-42A3-9474-1A3956D46DE8}") = "Authentication", "Authentication", "{07D5E9B2-DA5F-498B-A14E-2D7897302D1E}"
EndProject
Project("{2150E333-8FDC-42A3-9474-1A3956D46DE8}") = "Api", "Api", "{CF30884E-94CF-47C9-A721-9CF823D45492}"
EndProject
Project("{2150E333-8FDC-42A3-9474-1A3956D46DE8}") = "Shared", "Shared", "{9CCD5786-1545-4B34-A6AC-31FC9C6FC0EC}"
EndProject
Project("{FAE04EC0-301F-11D3-BF4B-00C04F79EFBC}") = "Authentication.Infrastructure", "Authentication\Authentication.Infrastructure\Authentication.Infrastructure.csproj", "{265EA757-7413-4B21-83C0-3ECDBEACD340}"
EndProject
Project("{FAE04EC0-301F-11D3-BF4B-00C04F79EFBC}") = "Authentication.Domain", "Authentication\Authentication.Domain\Authentication.Domain.csproj", "{83622016-C04F-4C5B-B6CA-CC270A61686B}"
EndProject
Project("{FAE04EC0-301F-11D3-BF4B-00C04F79EFBC}") = "Authentication.Application", "Authentication\Authentication.Application\Authentication.Application.csproj", "{CA4AF400-F5D2-4B6E-9298-5373D4624D2E}"
EndProject
Project("{FAE04EC0-301F-11D3-BF4B-00C04F79EFBC}") = "Users.Application", "Users\Users.Application\Users.Application.csproj", "{94ECA7CE-3585-4BCC-922E-3413D418A6B3}"
EndProject
Project("{FAE04EC0-301F-11D3-BF4B-00C04F79EFBC}") = "Users.Domain", "Users\Users.Domain\Users.Domain.csproj", "{576F2E6E-4182-4350-BBA5-B68DB1C20C9A}"
EndProject
Project("{FAE04EC0-301F-11D3-BF4B-00C04F79EFBC}") = "Users.Infrastructure", "Users\Users.Infrastructure\Users.Infrastructure.csproj", "{01487C85-D365-4A86-8CA5-65562148269C}"
EndProject
Project("{FAE04EC0-301F-11D3-BF4B-00C04F79EFBC}") = "Shared.Application", "Shared\Shared.Application\Shared.Application.csproj", "{C0267412-98A5-4150-91BE-84CDF8FEFD97}"
EndProject
Project("{FAE04EC0-301F-11D3-BF4B-00C04F79EFBC}") = "Shared.Infrastructure", "Shared\Shared.Infrastructure\Shared.Infrastructure.csproj", "{517545AF-A2ED-48B2-A746-7D6364050F0E}"
EndProject
Project("{FAE04EC0-301F-11D3-BF4B-00C04F79EFBC}") = "Shared.Utils", "Shared\Shared.Utils\Shared.Utils.csproj", "{EAC24815-3F0F-4569-8430-EF588AE4420E}"
EndProject
Project("{FAE04EC0-301F-11D3-BF4B-00C04F79EFBC}") = "LvJersey.Infrastructure", "API\LvJersey.Infrastructure\LvJersey.Infrastructure.csproj", "{AB4BFE43-26EF-4969-B1A4-8B844EFFB5AE}"
EndProject
Project("{FAE04EC0-301F-11D3-BF4B-00C04F79EFBC}") = "LvJerseyApi", "API\LvJerseyApi\LvJerseyApi.csproj", "{6C72DDC6-E9FF-45CE-8455-F681F1E2308C}"
EndProject
Project("{2150E333-8FDC-42A3-9474-1A3956D46DE8}") = "Jerseys", "Jerseys", "{8C41A92F-EE3B-442E-B38F-918B1CDADC9C}"
EndProject
Project("{FAE04EC0-301F-11D3-BF4B-00C04F79EFBC}") = "Jerseys.Application", "Jerseys\Jerseys.Application\Jerseys.Application.csproj", "{E3F51690-B640-48EA-8A2F-303EF267AE43}"
EndProject
Project("{FAE04EC0-301F-11D3-BF4B-00C04F79EFBC}") = "Jerseys.Infrastructure", "Jerseys\Jerseys.Infrastructure\Jerseys.Infrastructure.csproj", "{A7F8D33F-4388-4C6A-A0A1-701F0757B764}"
EndProject
Project("{FAE04EC0-301F-11D3-BF4B-00C04F79EFBC}") = "Jerseys.Domain", "Jerseys\Jerseys.Domain\Jerseys.Domain.csproj", "{F8FFA13D-5A0E-459F-8A41-94B00AB362BE}"
EndProject
Project("{FAE04EC0-301F-11D3-BF4B-00C04F79EFBC}") = "Files.Application", "Files\Files.Application\Files.Application.csproj", "{C944BAA2-E027-4ADC-8CE3-18936AB5B158}"
EndProject
Project("{FAE04EC0-301F-11D3-BF4B-00C04F79EFBC}") = "Files.Domain", "Files\Files.Domain\Files.Domain.csproj", "{7C8E2B4A-6B80-4ACA-B477-C8141BF75AB0}"
EndProject
Project("{FAE04EC0-301F-11D3-BF4B-00C04F79EFBC}") = "Files.Infrastructure", "Files\Files.Infrastructure\Files.Infrastructure.csproj", "{9D9A6F7A-615A-45C1-867D-0523095A790C}"
EndProject
Project("{2150E333-8FDC-42A3-9474-1A3956D46DE8}") = "Files", "Files", "{32115BB2-9881-4BE9-AC26-BB0E60DAA31E}"
EndProject
Project("{2150E333-8FDC-42A3-9474-1A3956D46DE8}") = "Tests", "Tests", "{0AB3BF05-4346-4AA6-1389-037BE0695223}"
EndProject
Project("{FAE04EC0-301F-11D3-BF4B-00C04F79EFBC}") = "LvJerseyStore.UnitTests", "Tests\LvJerseyStore.UnitTests\LvJerseyStore.UnitTests.csproj", "{023D4CB7-B4AE-479C-B098-75455DDA36DD}"
EndProject
Project("{FAE04EC0-301F-11D3-BF4B-00C04F79EFBC}") = "LvJerseyStore.IntegrationTests", "Tests\LvJerseyStore.IntegrationTests\LvJerseyStore.IntegrationTests.csproj", "{F7B3F5D1-A96B-4DDA-AACA-6A06CB6CF309}"
EndProject
Project("{2150E333-8FDC-42A3-9474-1A3956D46DE8}") = "Reviews", "Reviews", "{33472EAB-4B73-5570-11C2-37545A55103D}"
EndProject
Project("{FAE04EC0-301F-11D3-BF4B-00C04F79EFBC}") = "Reviews.Domain", "Reviews\Reviews.Domain\Reviews.Domain.csproj", "{1A2251C4-3BBA-4956-92CF-BDE56E0F972E}"
EndProject
Project("{FAE04EC0-301F-11D3-BF4B-00C04F79EFBC}") = "Reviews.Application", "Reviews\Reviews.Application\Reviews.Application.csproj", "{B612497B-63C5-4EFB-82DE-666F89C4CF86}"
EndProject
Project("{FAE04EC0-301F-11D3-BF4B-00C04F79EFBC}") = "Reviews.Infrastructure", "Reviews\Reviews.Infrastructure\Reviews.Infrastructure.csproj", "{3DC85F25-0EB0-47A6-A483-9E6B7005FBBC}"
EndProject
Global
	GlobalSection(SolutionConfigurationPlatforms) = preSolution
		Debug|Any CPU = Debug|Any CPU
		Debug|x64 = Debug|x64
		Debug|x86 = Debug|x86
		Release|Any CPU = Release|Any CPU
		Release|x64 = Release|x64
		Release|x86 = Release|x86
	EndGlobalSection
	GlobalSection(ProjectConfigurationPlatforms) = postSolution
		{265EA757-7413-4B21-83C0-3ECDBEACD340}.Debug|Any CPU.ActiveCfg = Debug|Any CPU
		{265EA757-7413-4B21-83C0-3ECDBEACD340}.Debug|Any CPU.Build.0 = Debug|Any CPU
		{265EA757-7413-4B21-83C0-3ECDBEACD340}.Debug|x64.ActiveCfg = Debug|Any CPU
		{265EA757-7413-4B21-83C0-3ECDBEACD340}.Debug|x64.Build.0 = Debug|Any CPU
		{265EA757-7413-4B21-83C0-3ECDBEACD340}.Debug|x86.ActiveCfg = Debug|Any CPU
		{265EA757-7413-4B21-83C0-3ECDBEACD340}.Debug|x86.Build.0 = Debug|Any CPU
		{265EA757-7413-4B21-83C0-3ECDBEACD340}.Release|Any CPU.ActiveCfg = Release|Any CPU
		{265EA757-7413-4B21-83C0-3ECDBEACD340}.Release|Any CPU.Build.0 = Release|Any CPU
		{265EA757-7413-4B21-83C0-3ECDBEACD340}.Release|x64.ActiveCfg = Release|Any CPU
		{265EA757-7413-4B21-83C0-3ECDBEACD340}.Release|x64.Build.0 = Release|Any CPU
		{265EA757-7413-4B21-83C0-3ECDBEACD340}.Release|x86.ActiveCfg = Release|Any CPU
		{265EA757-7413-4B21-83C0-3ECDBEACD340}.Release|x86.Build.0 = Release|Any CPU
		{83622016-C04F-4C5B-B6CA-CC270A61686B}.Debug|Any CPU.ActiveCfg = Debug|Any CPU
		{83622016-C04F-4C5B-B6CA-CC270A61686B}.Debug|Any CPU.Build.0 = Debug|Any CPU
		{83622016-C04F-4C5B-B6CA-CC270A61686B}.Debug|x64.ActiveCfg = Debug|Any CPU
		{83622016-C04F-4C5B-B6CA-CC270A61686B}.Debug|x64.Build.0 = Debug|Any CPU
		{83622016-C04F-4C5B-B6CA-CC270A61686B}.Debug|x86.ActiveCfg = Debug|Any CPU
		{83622016-C04F-4C5B-B6CA-CC270A61686B}.Debug|x86.Build.0 = Debug|Any CPU
		{83622016-C04F-4C5B-B6CA-CC270A61686B}.Release|Any CPU.ActiveCfg = Release|Any CPU
		{83622016-C04F-4C5B-B6CA-CC270A61686B}.Release|Any CPU.Build.0 = Release|Any CPU
		{83622016-C04F-4C5B-B6CA-CC270A61686B}.Release|x64.ActiveCfg = Release|Any CPU
		{83622016-C04F-4C5B-B6CA-CC270A61686B}.Release|x64.Build.0 = Release|Any CPU
		{83622016-C04F-4C5B-B6CA-CC270A61686B}.Release|x86.ActiveCfg = Release|Any CPU
		{83622016-C04F-4C5B-B6CA-CC270A61686B}.Release|x86.Build.0 = Release|Any CPU
		{CA4AF400-F5D2-4B6E-9298-5373D4624D2E}.Debug|Any CPU.ActiveCfg = Debug|Any CPU
		{CA4AF400-F5D2-4B6E-9298-5373D4624D2E}.Debug|Any CPU.Build.0 = Debug|Any CPU
		{CA4AF400-F5D2-4B6E-9298-5373D4624D2E}.Debug|x64.ActiveCfg = Debug|Any CPU
		{CA4AF400-F5D2-4B6E-9298-5373D4624D2E}.Debug|x64.Build.0 = Debug|Any CPU
		{CA4AF400-F5D2-4B6E-9298-5373D4624D2E}.Debug|x86.ActiveCfg = Debug|Any CPU
		{CA4AF400-F5D2-4B6E-9298-5373D4624D2E}.Debug|x86.Build.0 = Debug|Any CPU
		{CA4AF400-F5D2-4B6E-9298-5373D4624D2E}.Release|Any CPU.ActiveCfg = Release|Any CPU
		{CA4AF400-F5D2-4B6E-9298-5373D4624D2E}.Release|Any CPU.Build.0 = Release|Any CPU
		{CA4AF400-F5D2-4B6E-9298-5373D4624D2E}.Release|x64.ActiveCfg = Release|Any CPU
		{CA4AF400-F5D2-4B6E-9298-5373D4624D2E}.Release|x64.Build.0 = Release|Any CPU
		{CA4AF400-F5D2-4B6E-9298-5373D4624D2E}.Release|x86.ActiveCfg = Release|Any CPU
		{CA4AF400-F5D2-4B6E-9298-5373D4624D2E}.Release|x86.Build.0 = Release|Any CPU
		{94ECA7CE-3585-4BCC-922E-3413D418A6B3}.Debug|Any CPU.ActiveCfg = Debug|Any CPU
		{94ECA7CE-3585-4BCC-922E-3413D418A6B3}.Debug|Any CPU.Build.0 = Debug|Any CPU
		{94ECA7CE-3585-4BCC-922E-3413D418A6B3}.Debug|x64.ActiveCfg = Debug|Any CPU
		{94ECA7CE-3585-4BCC-922E-3413D418A6B3}.Debug|x64.Build.0 = Debug|Any CPU
		{94ECA7CE-3585-4BCC-922E-3413D418A6B3}.Debug|x86.ActiveCfg = Debug|Any CPU
		{94ECA7CE-3585-4BCC-922E-3413D418A6B3}.Debug|x86.Build.0 = Debug|Any CPU
		{94ECA7CE-3585-4BCC-922E-3413D418A6B3}.Release|Any CPU.ActiveCfg = Release|Any CPU
		{94ECA7CE-3585-4BCC-922E-3413D418A6B3}.Release|Any CPU.Build.0 = Release|Any CPU
		{94ECA7CE-3585-4BCC-922E-3413D418A6B3}.Release|x64.ActiveCfg = Release|Any CPU
		{94ECA7CE-3585-4BCC-922E-3413D418A6B3}.Release|x64.Build.0 = Release|Any CPU
		{94ECA7CE-3585-4BCC-922E-3413D418A6B3}.Release|x86.ActiveCfg = Release|Any CPU
		{94ECA7CE-3585-4BCC-922E-3413D418A6B3}.Release|x86.Build.0 = Release|Any CPU
		{576F2E6E-4182-4350-BBA5-B68DB1C20C9A}.Debug|Any CPU.ActiveCfg = Debug|Any CPU
		{576F2E6E-4182-4350-BBA5-B68DB1C20C9A}.Debug|Any CPU.Build.0 = Debug|Any CPU
		{576F2E6E-4182-4350-BBA5-B68DB1C20C9A}.Debug|x64.ActiveCfg = Debug|Any CPU
		{576F2E6E-4182-4350-BBA5-B68DB1C20C9A}.Debug|x64.Build.0 = Debug|Any CPU
		{576F2E6E-4182-4350-BBA5-B68DB1C20C9A}.Debug|x86.ActiveCfg = Debug|Any CPU
		{576F2E6E-4182-4350-BBA5-B68DB1C20C9A}.Debug|x86.Build.0 = Debug|Any CPU
		{576F2E6E-4182-4350-BBA5-B68DB1C20C9A}.Release|Any CPU.ActiveCfg = Release|Any CPU
		{576F2E6E-4182-4350-BBA5-B68DB1C20C9A}.Release|Any CPU.Build.0 = Release|Any CPU
		{576F2E6E-4182-4350-BBA5-B68DB1C20C9A}.Release|x64.ActiveCfg = Release|Any CPU
		{576F2E6E-4182-4350-BBA5-B68DB1C20C9A}.Release|x64.Build.0 = Release|Any CPU
		{576F2E6E-4182-4350-BBA5-B68DB1C20C9A}.Release|x86.ActiveCfg = Release|Any CPU
		{576F2E6E-4182-4350-BBA5-B68DB1C20C9A}.Release|x86.Build.0 = Release|Any CPU
		{01487C85-D365-4A86-8CA5-65562148269C}.Debug|Any CPU.ActiveCfg = Debug|Any CPU
		{01487C85-D365-4A86-8CA5-65562148269C}.Debug|Any CPU.Build.0 = Debug|Any CPU
		{01487C85-D365-4A86-8CA5-65562148269C}.Debug|x64.ActiveCfg = Debug|Any CPU
		{01487C85-D365-4A86-8CA5-65562148269C}.Debug|x64.Build.0 = Debug|Any CPU
		{01487C85-D365-4A86-8CA5-65562148269C}.Debug|x86.ActiveCfg = Debug|Any CPU
		{01487C85-D365-4A86-8CA5-65562148269C}.Debug|x86.Build.0 = Debug|Any CPU
		{01487C85-D365-4A86-8CA5-65562148269C}.Release|Any CPU.ActiveCfg = Release|Any CPU
		{01487C85-D365-4A86-8CA5-65562148269C}.Release|Any CPU.Build.0 = Release|Any CPU
		{01487C85-D365-4A86-8CA5-65562148269C}.Release|x64.ActiveCfg = Release|Any CPU
		{01487C85-D365-4A86-8CA5-65562148269C}.Release|x64.Build.0 = Release|Any CPU
		{01487C85-D365-4A86-8CA5-65562148269C}.Release|x86.ActiveCfg = Release|Any CPU
		{01487C85-D365-4A86-8CA5-65562148269C}.Release|x86.Build.0 = Release|Any CPU
		{C0267412-98A5-4150-91BE-84CDF8FEFD97}.Debug|Any CPU.ActiveCfg = Debug|Any CPU
		{C0267412-98A5-4150-91BE-84CDF8FEFD97}.Debug|Any CPU.Build.0 = Debug|Any CPU
		{C0267412-98A5-4150-91BE-84CDF8FEFD97}.Debug|x64.ActiveCfg = Debug|Any CPU
		{C0267412-98A5-4150-91BE-84CDF8FEFD97}.Debug|x64.Build.0 = Debug|Any CPU
		{C0267412-98A5-4150-91BE-84CDF8FEFD97}.Debug|x86.ActiveCfg = Debug|Any CPU
		{C0267412-98A5-4150-91BE-84CDF8FEFD97}.Debug|x86.Build.0 = Debug|Any CPU
		{C0267412-98A5-4150-91BE-84CDF8FEFD97}.Release|Any CPU.ActiveCfg = Release|Any CPU
		{C0267412-98A5-4150-91BE-84CDF8FEFD97}.Release|Any CPU.Build.0 = Release|Any CPU
		{C0267412-98A5-4150-91BE-84CDF8FEFD97}.Release|x64.ActiveCfg = Release|Any CPU
		{C0267412-98A5-4150-91BE-84CDF8FEFD97}.Release|x64.Build.0 = Release|Any CPU
		{C0267412-98A5-4150-91BE-84CDF8FEFD97}.Release|x86.ActiveCfg = Release|Any CPU
		{C0267412-98A5-4150-91BE-84CDF8FEFD97}.Release|x86.Build.0 = Release|Any CPU
		{517545AF-A2ED-48B2-A746-7D6364050F0E}.Debug|Any CPU.ActiveCfg = Debug|Any CPU
		{517545AF-A2ED-48B2-A746-7D6364050F0E}.Debug|Any CPU.Build.0 = Debug|Any CPU
		{517545AF-A2ED-48B2-A746-7D6364050F0E}.Debug|x64.ActiveCfg = Debug|Any CPU
		{517545AF-A2ED-48B2-A746-7D6364050F0E}.Debug|x64.Build.0 = Debug|Any CPU
		{517545AF-A2ED-48B2-A746-7D6364050F0E}.Debug|x86.ActiveCfg = Debug|Any CPU
		{517545AF-A2ED-48B2-A746-7D6364050F0E}.Debug|x86.Build.0 = Debug|Any CPU
		{517545AF-A2ED-48B2-A746-7D6364050F0E}.Release|Any CPU.ActiveCfg = Release|Any CPU
		{517545AF-A2ED-48B2-A746-7D6364050F0E}.Release|Any CPU.Build.0 = Release|Any CPU
		{517545AF-A2ED-48B2-A746-7D6364050F0E}.Release|x64.ActiveCfg = Release|Any CPU
		{517545AF-A2ED-48B2-A746-7D6364050F0E}.Release|x64.Build.0 = Release|Any CPU
		{517545AF-A2ED-48B2-A746-7D6364050F0E}.Release|x86.ActiveCfg = Release|Any CPU
		{517545AF-A2ED-48B2-A746-7D6364050F0E}.Release|x86.Build.0 = Release|Any CPU
		{EAC24815-3F0F-4569-8430-EF588AE4420E}.Debug|Any CPU.ActiveCfg = Debug|Any CPU
		{EAC24815-3F0F-4569-8430-EF588AE4420E}.Debug|Any CPU.Build.0 = Debug|Any CPU
		{EAC24815-3F0F-4569-8430-EF588AE4420E}.Debug|x64.ActiveCfg = Debug|Any CPU
		{EAC24815-3F0F-4569-8430-EF588AE4420E}.Debug|x64.Build.0 = Debug|Any CPU
		{EAC24815-3F0F-4569-8430-EF588AE4420E}.Debug|x86.ActiveCfg = Debug|Any CPU
		{EAC24815-3F0F-4569-8430-EF588AE4420E}.Debug|x86.Build.0 = Debug|Any CPU
		{EAC24815-3F0F-4569-8430-EF588AE4420E}.Release|Any CPU.ActiveCfg = Release|Any CPU
		{EAC24815-3F0F-4569-8430-EF588AE4420E}.Release|Any CPU.Build.0 = Release|Any CPU
		{EAC24815-3F0F-4569-8430-EF588AE4420E}.Release|x64.ActiveCfg = Release|Any CPU
		{EAC24815-3F0F-4569-8430-EF588AE4420E}.Release|x64.Build.0 = Release|Any CPU
		{EAC24815-3F0F-4569-8430-EF588AE4420E}.Release|x86.ActiveCfg = Release|Any CPU
		{EAC24815-3F0F-4569-8430-EF588AE4420E}.Release|x86.Build.0 = Release|Any CPU
		{AB4BFE43-26EF-4969-B1A4-8B844EFFB5AE}.Debug|Any CPU.ActiveCfg = Debug|Any CPU
		{AB4BFE43-26EF-4969-B1A4-8B844EFFB5AE}.Debug|Any CPU.Build.0 = Debug|Any CPU
		{AB4BFE43-26EF-4969-B1A4-8B844EFFB5AE}.Debug|x64.ActiveCfg = Debug|Any CPU
		{AB4BFE43-26EF-4969-B1A4-8B844EFFB5AE}.Debug|x64.Build.0 = Debug|Any CPU
		{AB4BFE43-26EF-4969-B1A4-8B844EFFB5AE}.Debug|x86.ActiveCfg = Debug|Any CPU
		{AB4BFE43-26EF-4969-B1A4-8B844EFFB5AE}.Debug|x86.Build.0 = Debug|Any CPU
		{AB4BFE43-26EF-4969-B1A4-8B844EFFB5AE}.Release|Any CPU.ActiveCfg = Release|Any CPU
		{AB4BFE43-26EF-4969-B1A4-8B844EFFB5AE}.Release|Any CPU.Build.0 = Release|Any CPU
		{AB4BFE43-26EF-4969-B1A4-8B844EFFB5AE}.Release|x64.ActiveCfg = Release|Any CPU
		{AB4BFE43-26EF-4969-B1A4-8B844EFFB5AE}.Release|x64.Build.0 = Release|Any CPU
		{AB4BFE43-26EF-4969-B1A4-8B844EFFB5AE}.Release|x86.ActiveCfg = Release|Any CPU
		{AB4BFE43-26EF-4969-B1A4-8B844EFFB5AE}.Release|x86.Build.0 = Release|Any CPU
		{6C72DDC6-E9FF-45CE-8455-F681F1E2308C}.Debug|Any CPU.ActiveCfg = Debug|Any CPU
		{6C72DDC6-E9FF-45CE-8455-F681F1E2308C}.Debug|Any CPU.Build.0 = Debug|Any CPU
		{6C72DDC6-E9FF-45CE-8455-F681F1E2308C}.Debug|x64.ActiveCfg = Debug|Any CPU
		{6C72DDC6-E9FF-45CE-8455-F681F1E2308C}.Debug|x64.Build.0 = Debug|Any CPU
		{6C72DDC6-E9FF-45CE-8455-F681F1E2308C}.Debug|x86.ActiveCfg = Debug|Any CPU
		{6C72DDC6-E9FF-45CE-8455-F681F1E2308C}.Debug|x86.Build.0 = Debug|Any CPU
		{6C72DDC6-E9FF-45CE-8455-F681F1E2308C}.Release|Any CPU.ActiveCfg = Release|Any CPU
		{6C72DDC6-E9FF-45CE-8455-F681F1E2308C}.Release|Any CPU.Build.0 = Release|Any CPU
		{6C72DDC6-E9FF-45CE-8455-F681F1E2308C}.Release|x64.ActiveCfg = Release|Any CPU
		{6C72DDC6-E9FF-45CE-8455-F681F1E2308C}.Release|x64.Build.0 = Release|Any CPU
		{6C72DDC6-E9FF-45CE-8455-F681F1E2308C}.Release|x86.ActiveCfg = Release|Any CPU
		{6C72DDC6-E9FF-45CE-8455-F681F1E2308C}.Release|x86.Build.0 = Release|Any CPU
		{E3F51690-B640-48EA-8A2F-303EF267AE43}.Debug|Any CPU.ActiveCfg = Debug|Any CPU
		{E3F51690-B640-48EA-8A2F-303EF267AE43}.Debug|Any CPU.Build.0 = Debug|Any CPU
		{E3F51690-B640-48EA-8A2F-303EF267AE43}.Debug|x64.ActiveCfg = Debug|Any CPU
		{E3F51690-B640-48EA-8A2F-303EF267AE43}.Debug|x64.Build.0 = Debug|Any CPU
		{E3F51690-B640-48EA-8A2F-303EF267AE43}.Debug|x86.ActiveCfg = Debug|Any CPU
		{E3F51690-B640-48EA-8A2F-303EF267AE43}.Debug|x86.Build.0 = Debug|Any CPU
		{E3F51690-B640-48EA-8A2F-303EF267AE43}.Release|Any CPU.ActiveCfg = Release|Any CPU
		{E3F51690-B640-48EA-8A2F-303EF267AE43}.Release|Any CPU.Build.0 = Release|Any CPU
		{E3F51690-B640-48EA-8A2F-303EF267AE43}.Release|x64.ActiveCfg = Release|Any CPU
		{E3F51690-B640-48EA-8A2F-303EF267AE43}.Release|x64.Build.0 = Release|Any CPU
		{E3F51690-B640-48EA-8A2F-303EF267AE43}.Release|x86.ActiveCfg = Release|Any CPU
		{E3F51690-B640-48EA-8A2F-303EF267AE43}.Release|x86.Build.0 = Release|Any CPU
		{A7F8D33F-4388-4C6A-A0A1-701F0757B764}.Debug|Any CPU.ActiveCfg = Debug|Any CPU
		{A7F8D33F-4388-4C6A-A0A1-701F0757B764}.Debug|Any CPU.Build.0 = Debug|Any CPU
		{A7F8D33F-4388-4C6A-A0A1-701F0757B764}.Debug|x64.ActiveCfg = Debug|Any CPU
		{A7F8D33F-4388-4C6A-A0A1-701F0757B764}.Debug|x64.Build.0 = Debug|Any CPU
		{A7F8D33F-4388-4C6A-A0A1-701F0757B764}.Debug|x86.ActiveCfg = Debug|Any CPU
		{A7F8D33F-4388-4C6A-A0A1-701F0757B764}.Debug|x86.Build.0 = Debug|Any CPU
		{A7F8D33F-4388-4C6A-A0A1-701F0757B764}.Release|Any CPU.ActiveCfg = Release|Any CPU
		{A7F8D33F-4388-4C6A-A0A1-701F0757B764}.Release|Any CPU.Build.0 = Release|Any CPU
		{A7F8D33F-4388-4C6A-A0A1-701F0757B764}.Release|x64.ActiveCfg = Release|Any CPU
		{A7F8D33F-4388-4C6A-A0A1-701F0757B764}.Release|x64.Build.0 = Release|Any CPU
		{A7F8D33F-4388-4C6A-A0A1-701F0757B764}.Release|x86.ActiveCfg = Release|Any CPU
		{A7F8D33F-4388-4C6A-A0A1-701F0757B764}.Release|x86.Build.0 = Release|Any CPU
		{F8FFA13D-5A0E-459F-8A41-94B00AB362BE}.Debug|Any CPU.ActiveCfg = Debug|Any CPU
		{F8FFA13D-5A0E-459F-8A41-94B00AB362BE}.Debug|Any CPU.Build.0 = Debug|Any CPU
		{F8FFA13D-5A0E-459F-8A41-94B00AB362BE}.Debug|x64.ActiveCfg = Debug|Any CPU
		{F8FFA13D-5A0E-459F-8A41-94B00AB362BE}.Debug|x64.Build.0 = Debug|Any CPU
		{F8FFA13D-5A0E-459F-8A41-94B00AB362BE}.Debug|x86.ActiveCfg = Debug|Any CPU
		{F8FFA13D-5A0E-459F-8A41-94B00AB362BE}.Debug|x86.Build.0 = Debug|Any CPU
		{F8FFA13D-5A0E-459F-8A41-94B00AB362BE}.Release|Any CPU.ActiveCfg = Release|Any CPU
		{F8FFA13D-5A0E-459F-8A41-94B00AB362BE}.Release|Any CPU.Build.0 = Release|Any CPU
		{F8FFA13D-5A0E-459F-8A41-94B00AB362BE}.Release|x64.ActiveCfg = Release|Any CPU
		{F8FFA13D-5A0E-459F-8A41-94B00AB362BE}.Release|x64.Build.0 = Release|Any CPU
		{F8FFA13D-5A0E-459F-8A41-94B00AB362BE}.Release|x86.ActiveCfg = Release|Any CPU
		{F8FFA13D-5A0E-459F-8A41-94B00AB362BE}.Release|x86.Build.0 = Release|Any CPU
		{C944BAA2-E027-4ADC-8CE3-18936AB5B158}.Debug|Any CPU.ActiveCfg = Debug|Any CPU
		{C944BAA2-E027-4ADC-8CE3-18936AB5B158}.Debug|Any CPU.Build.0 = Debug|Any CPU
		{C944BAA2-E027-4ADC-8CE3-18936AB5B158}.Debug|x64.ActiveCfg = Debug|Any CPU
		{C944BAA2-E027-4ADC-8CE3-18936AB5B158}.Debug|x64.Build.0 = Debug|Any CPU
		{C944BAA2-E027-4ADC-8CE3-18936AB5B158}.Debug|x86.ActiveCfg = Debug|Any CPU
		{C944BAA2-E027-4ADC-8CE3-18936AB5B158}.Debug|x86.Build.0 = Debug|Any CPU
		{C944BAA2-E027-4ADC-8CE3-18936AB5B158}.Release|Any CPU.ActiveCfg = Release|Any CPU
		{C944BAA2-E027-4ADC-8CE3-18936AB5B158}.Release|Any CPU.Build.0 = Release|Any CPU
		{C944BAA2-E027-4ADC-8CE3-18936AB5B158}.Release|x64.ActiveCfg = Release|Any CPU
		{C944BAA2-E027-4ADC-8CE3-18936AB5B158}.Release|x64.Build.0 = Release|Any CPU
		{C944BAA2-E027-4ADC-8CE3-18936AB5B158}.Release|x86.ActiveCfg = Release|Any CPU
		{C944BAA2-E027-4ADC-8CE3-18936AB5B158}.Release|x86.Build.0 = Release|Any CPU
		{7C8E2B4A-6B80-4ACA-B477-C8141BF75AB0}.Debug|Any CPU.ActiveCfg = Debug|Any CPU
		{7C8E2B4A-6B80-4ACA-B477-C8141BF75AB0}.Debug|Any CPU.Build.0 = Debug|Any CPU
		{7C8E2B4A-6B80-4ACA-B477-C8141BF75AB0}.Debug|x64.ActiveCfg = Debug|Any CPU
		{7C8E2B4A-6B80-4ACA-B477-C8141BF75AB0}.Debug|x64.Build.0 = Debug|Any CPU
		{7C8E2B4A-6B80-4ACA-B477-C8141BF75AB0}.Debug|x86.ActiveCfg = Debug|Any CPU
		{7C8E2B4A-6B80-4ACA-B477-C8141BF75AB0}.Debug|x86.Build.0 = Debug|Any CPU
		{7C8E2B4A-6B80-4ACA-B477-C8141BF75AB0}.Release|Any CPU.ActiveCfg = Release|Any CPU
		{7C8E2B4A-6B80-4ACA-B477-C8141BF75AB0}.Release|Any CPU.Build.0 = Release|Any CPU
		{7C8E2B4A-6B80-4ACA-B477-C8141BF75AB0}.Release|x64.ActiveCfg = Release|Any CPU
		{7C8E2B4A-6B80-4ACA-B477-C8141BF75AB0}.Release|x64.Build.0 = Release|Any CPU
		{7C8E2B4A-6B80-4ACA-B477-C8141BF75AB0}.Release|x86.ActiveCfg = Release|Any CPU
		{7C8E2B4A-6B80-4ACA-B477-C8141BF75AB0}.Release|x86.Build.0 = Release|Any CPU
		{9D9A6F7A-615A-45C1-867D-0523095A790C}.Debug|Any CPU.ActiveCfg = Debug|Any CPU
		{9D9A6F7A-615A-45C1-867D-0523095A790C}.Debug|Any CPU.Build.0 = Debug|Any CPU
		{9D9A6F7A-615A-45C1-867D-0523095A790C}.Debug|x64.ActiveCfg = Debug|Any CPU
		{9D9A6F7A-615A-45C1-867D-0523095A790C}.Debug|x64.Build.0 = Debug|Any CPU
		{9D9A6F7A-615A-45C1-867D-0523095A790C}.Debug|x86.ActiveCfg = Debug|Any CPU
		{9D9A6F7A-615A-45C1-867D-0523095A790C}.Debug|x86.Build.0 = Debug|Any CPU
		{9D9A6F7A-615A-45C1-867D-0523095A790C}.Release|Any CPU.ActiveCfg = Release|Any CPU
		{9D9A6F7A-615A-45C1-867D-0523095A790C}.Release|Any CPU.Build.0 = Release|Any CPU
		{9D9A6F7A-615A-45C1-867D-0523095A790C}.Release|x64.ActiveCfg = Release|Any CPU
		{9D9A6F7A-615A-45C1-867D-0523095A790C}.Release|x64.Build.0 = Release|Any CPU
		{9D9A6F7A-615A-45C1-867D-0523095A790C}.Release|x86.ActiveCfg = Release|Any CPU
		{9D9A6F7A-615A-45C1-867D-0523095A790C}.Release|x86.Build.0 = Release|Any CPU
		{023D4CB7-B4AE-479C-B098-75455DDA36DD}.Debug|Any CPU.ActiveCfg = Debug|Any CPU
		{023D4CB7-B4AE-479C-B098-75455DDA36DD}.Debug|Any CPU.Build.0 = Debug|Any CPU
		{023D4CB7-B4AE-479C-B098-75455DDA36DD}.Debug|x64.ActiveCfg = Debug|Any CPU
		{023D4CB7-B4AE-479C-B098-75455DDA36DD}.Debug|x64.Build.0 = Debug|Any CPU
		{023D4CB7-B4AE-479C-B098-75455DDA36DD}.Debug|x86.ActiveCfg = Debug|Any CPU
		{023D4CB7-B4AE-479C-B098-75455DDA36DD}.Debug|x86.Build.0 = Debug|Any CPU
		{023D4CB7-B4AE-479C-B098-75455DDA36DD}.Release|Any CPU.ActiveCfg = Release|Any CPU
		{023D4CB7-B4AE-479C-B098-75455DDA36DD}.Release|Any CPU.Build.0 = Release|Any CPU
		{023D4CB7-B4AE-479C-B098-75455DDA36DD}.Release|x64.ActiveCfg = Release|Any CPU
		{023D4CB7-B4AE-479C-B098-75455DDA36DD}.Release|x64.Build.0 = Release|Any CPU
		{023D4CB7-B4AE-479C-B098-75455DDA36DD}.Release|x86.ActiveCfg = Release|Any CPU
		{023D4CB7-B4AE-479C-B098-75455DDA36DD}.Release|x86.Build.0 = Release|Any CPU
		{F7B3F5D1-A96B-4DDA-AACA-6A06CB6CF309}.Debug|Any CPU.ActiveCfg = Debug|Any CPU
		{F7B3F5D1-A96B-4DDA-AACA-6A06CB6CF309}.Debug|Any CPU.Build.0 = Debug|Any CPU
		{F7B3F5D1-A96B-4DDA-AACA-6A06CB6CF309}.Debug|x64.ActiveCfg = Debug|Any CPU
		{F7B3F5D1-A96B-4DDA-AACA-6A06CB6CF309}.Debug|x64.Build.0 = Debug|Any CPU
		{F7B3F5D1-A96B-4DDA-AACA-6A06CB6CF309}.Debug|x86.ActiveCfg = Debug|Any CPU
		{F7B3F5D1-A96B-4DDA-AACA-6A06CB6CF309}.Debug|x86.Build.0 = Debug|Any CPU
		{F7B3F5D1-A96B-4DDA-AACA-6A06CB6CF309}.Release|Any CPU.ActiveCfg = Release|Any CPU
		{F7B3F5D1-A96B-4DDA-AACA-6A06CB6CF309}.Release|Any CPU.Build.0 = Release|Any CPU
		{F7B3F5D1-A96B-4DDA-AACA-6A06CB6CF309}.Release|x64.ActiveCfg = Release|Any CPU
		{F7B3F5D1-A96B-4DDA-AACA-6A06CB6CF309}.Release|x64.Build.0 = Release|Any CPU
		{F7B3F5D1-A96B-4DDA-AACA-6A06CB6CF309}.Release|x86.ActiveCfg = Release|Any CPU
		{F7B3F5D1-A96B-4DDA-AACA-6A06CB6CF309}.Release|x86.Build.0 = Release|Any CPU
		{1A2251C4-3BBA-4956-92CF-BDE56E0F972E}.Debug|Any CPU.ActiveCfg = Debug|Any CPU
		{1A2251C4-3BBA-4956-92CF-BDE56E0F972E}.Debug|Any CPU.Build.0 = Debug|Any CPU
		{1A2251C4-3BBA-4956-92CF-BDE56E0F972E}.Debug|x64.ActiveCfg = Debug|Any CPU
		{1A2251C4-3BBA-4956-92CF-BDE56E0F972E}.Debug|x64.Build.0 = Debug|Any CPU
		{1A2251C4-3BBA-4956-92CF-BDE56E0F972E}.Debug|x86.ActiveCfg = Debug|Any CPU
		{1A2251C4-3BBA-4956-92CF-BDE56E0F972E}.Debug|x86.Build.0 = Debug|Any CPU
		{1A2251C4-3BBA-4956-92CF-BDE56E0F972E}.Release|Any CPU.ActiveCfg = Release|Any CPU
		{1A2251C4-3BBA-4956-92CF-BDE56E0F972E}.Release|Any CPU.Build.0 = Release|Any CPU
		{1A2251C4-3BBA-4956-92CF-BDE56E0F972E}.Release|x64.ActiveCfg = Release|Any CPU
		{1A2251C4-3BBA-4956-92CF-BDE56E0F972E}.Release|x64.Build.0 = Release|Any CPU
		{1A2251C4-3BBA-4956-92CF-BDE56E0F972E}.Release|x86.ActiveCfg = Release|Any CPU
		{1A2251C4-3BBA-4956-92CF-BDE56E0F972E}.Release|x86.Build.0 = Release|Any CPU
		{B612497B-63C5-4EFB-82DE-666F89C4CF86}.Debug|Any CPU.ActiveCfg = Debug|Any CPU
		{B612497B-63C5-4EFB-82DE-666F89C4CF86}.Debug|Any CPU.Build.0 = Debug|Any CPU
		{B612497B-63C5-4EFB-82DE-666F89C4CF86}.Debug|x64.ActiveCfg = Debug|Any CPU
		{B612497B-63C5-4EFB-82DE-666F89C4CF86}.Debug|x64.Build.0 = Debug|Any CPU
		{B612497B-63C5-4EFB-82DE-666F89C4CF86}.Debug|x86.ActiveCfg = Debug|Any CPU
		{B612497B-63C5-4EFB-82DE-666F89C4CF86}.Debug|x86.Build.0 = Debug|Any CPU
		{B612497B-63C5-4EFB-82DE-666F89C4CF86}.Release|Any CPU.ActiveCfg = Release|Any CPU
		{B612497B-63C5-4EFB-82DE-666F89C4CF86}.Release|Any CPU.Build.0 = Release|Any CPU
		{B612497B-63C5-4EFB-82DE-666F89C4CF86}.Release|x64.ActiveCfg = Release|Any CPU
		{B612497B-63C5-4EFB-82DE-666F89C4CF86}.Release|x64.Build.0 = Release|Any CPU
		{B612497B-63C5-4EFB-82DE-666F89C4CF86}.Release|x86.ActiveCfg = Release|Any CPU
		{B612497B-63C5-4EFB-82DE-666F89C4CF86}.Release|x86.Build.0 = Release|Any CPU
		{3DC85F25-0EB0-47A6-A483-9E6B7005FBBC}.Debug|Any CPU.ActiveCfg = Debug|Any CPU
		{3DC85F25-0EB0-47A6-A483-9E6B7005FBBC}.Debug|Any CPU.Build.0 = Debug|Any CPU
		{3DC85F25-0EB0-47A6-A483-9E6B7005FBBC}.Debug|x64.ActiveCfg = Debug|Any CPU
		{3DC85F25-0EB0-47A6-A483-9E6B7005FBBC}.Debug|x64.Build.0 = Debug|Any CPU
		{3DC85F25-0EB0-47A6-A483-9E6B7005FBBC}.Debug|x86.ActiveCfg = Debug|Any CPU
		{3DC85F25-0EB0-47A6-A483-9E6B7005FBBC}.Debug|x86.Build.0 = Debug|Any CPU
		{3DC85F25-0EB0-47A6-A483-9E6B7005FBBC}.Release|Any CPU.ActiveCfg = Release|Any CPU
		{3DC85F25-0EB0-47A6-A483-9E6B7005FBBC}.Release|Any CPU.Build.0 = Release|Any CPU
		{3DC85F25-0EB0-47A6-A483-9E6B7005FBBC}.Release|x64.ActiveCfg = Release|Any CPU
		{3DC85F25-0EB0-47A6-A483-9E6B7005FBBC}.Release|x64.Build.0 = Release|Any CPU
		{3DC85F25-0EB0-47A6-A483-9E6B7005FBBC}.Release|x86.ActiveCfg = Release|Any CPU
		{3DC85F25-0EB0-47A6-A483-9E6B7005FBBC}.Release|x86.Build.0 = Release|Any CPU
	EndGlobalSection
	GlobalSection(SolutionProperties) = preSolution
		HideSolutionNode = FALSE
	EndGlobalSection
	GlobalSection(NestedProjects) = preSolution
		{265EA757-7413-4B21-83C0-3ECDBEACD340} = {07D5E9B2-DA5F-498B-A14E-2D7897302D1E}
		{83622016-C04F-4C5B-B6CA-CC270A61686B} = {07D5E9B2-DA5F-498B-A14E-2D7897302D1E}
		{CA4AF400-F5D2-4B6E-9298-5373D4624D2E} = {07D5E9B2-DA5F-498B-A14E-2D7897302D1E}
		{94ECA7CE-3585-4BCC-922E-3413D418A6B3} = {33F0AAA7-BD72-474F-AF4D-2A49D3B3F469}
		{576F2E6E-4182-4350-BBA5-B68DB1C20C9A} = {33F0AAA7-BD72-474F-AF4D-2A49D3B3F469}
		{01487C85-D365-4A86-8CA5-65562148269C} = {33F0AAA7-BD72-474F-AF4D-2A49D3B3F469}
		{C0267412-98A5-4150-91BE-84CDF8FEFD97} = {9CCD5786-1545-4B34-A6AC-31FC9C6FC0EC}
		{517545AF-A2ED-48B2-A746-7D6364050F0E} = {9CCD5786-1545-4B34-A6AC-31FC9C6FC0EC}
		{EAC24815-3F0F-4569-8430-EF588AE4420E} = {9CCD5786-1545-4B34-A6AC-31FC9C6FC0EC}
		{AB4BFE43-26EF-4969-B1A4-8B844EFFB5AE} = {CF30884E-94CF-47C9-A721-9CF823D45492}
		{6C72DDC6-E9FF-45CE-8455-F681F1E2308C} = {CF30884E-94CF-47C9-A721-9CF823D45492}
		{E3F51690-B640-48EA-8A2F-303EF267AE43} = {8C41A92F-EE3B-442E-B38F-918B1CDADC9C}
		{A7F8D33F-4388-4C6A-A0A1-701F0757B764} = {8C41A92F-EE3B-442E-B38F-918B1CDADC9C}
		{F8FFA13D-5A0E-459F-8A41-94B00AB362BE} = {8C41A92F-EE3B-442E-B38F-918B1CDADC9C}
		{C944BAA2-E027-4ADC-8CE3-18936AB5B158} = {32115BB2-9881-4BE9-AC26-BB0E60DAA31E}
		{7C8E2B4A-6B80-4ACA-B477-C8141BF75AB0} = {32115BB2-9881-4BE9-AC26-BB0E60DAA31E}
		{9D9A6F7A-615A-45C1-867D-0523095A790C} = {32115BB2-9881-4BE9-AC26-BB0E60DAA31E}
		{023D4CB7-B4AE-479C-B098-75455DDA36DD} = {0AB3BF05-4346-4AA6-1389-037BE0695223}
		{F7B3F5D1-A96B-4DDA-AACA-6A06CB6CF309} = {0AB3BF05-4346-4AA6-1389-037BE0695223}
		{1A2251C4-3BBA-4956-92CF-BDE56E0F972E} = {33472EAB-4B73-5570-11C2-37545A55103D}
		{B612497B-63C5-4EFB-82DE-666F89C4CF86} = {33472EAB-4B73-5570-11C2-37545A55103D}
		{3DC85F25-0EB0-47A6-A483-9E6B7005FBBC} = {33472EAB-4B73-5570-11C2-37545A55103D}
	EndGlobalSection
EndGlobal
